SITE
  remote: http://community.opscode.com/api/v1
  specs:
    apt (2.3.4)
    build-essential (1.1.2)
    logrotate (1.4.0)
    mysql (3.0.4)
      build-essential (> 1.1.0)
      openssl (>= 0.0.0)
    openssl (1.1.0)
    percona (0.14.5)
      apt (>= 1.4.4)
      openssl (>= 0.0.0)
      yum (>= 0.0.0)
    postgresql (1.0.0)
      openssl (>= 0.0.0)
    yum (3.0.4)

GIT
  remote: https://github.com/fnichol/chef-user.git
  ref: master
  sha: ce45d05e13491a82cbb5a2c36292391f3a1aaa36
  specs:
    user (0.3.1)

GIT
  remote: https://github.com/jesseadams/sphinx-cookbook.git
  ref: master
  sha: e625c084d006feb93cc6d78a0a2cbbe359230aa9
  specs:
    sphinx (1.0.2)
      apt (>= 0.0.0)
      build-essential (= 1.1.2)
      mysql (>= 0.0.0)
      percona (>= 0.0.0)
      postgresql (= 1.0.0)
      yum (>= 2.0.0)

PATH
  remote: ./
  specs:
    idx (0.1.0)

DEPENDENCIES
  apt (>= 0)
  build-essential (>= 0)
  idx (>= 0)
  logrotate (>= 0)
  sphinx (>= 0)
  user (>= 0)

